// !$*UTF8*$!
{
	archiveVersion = 1;
	classes = {
	};
	objectVersion = 55;
	objects = {

/* Begin PBXBuildFile section */
		E18EE5D127A5006A00A0922F /* AppDelegate.swift in Sources */ = {isa = PBXBuildFile; fileRef = E18EE5D027A5006A00A0922F /* AppDelegate.swift */; };
		E18EE5D327A5006A00A0922F /* SceneDelegate.swift in Sources */ = {isa = PBXBuildFile; fileRef = E18EE5D227A5006A00A0922F /* SceneDelegate.swift */; };
		E18EE5D527A5006A00A0922F /* ViewController.swift in Sources */ = {isa = PBXBuildFile; fileRef = E18EE5D427A5006A00A0922F /* ViewController.swift */; };
		E18EE5D827A5006A00A0922F /* Main.storyboard in Resources */ = {isa = PBXBuildFile; fileRef = E18EE5D627A5006A00A0922F /* Main.storyboard */; };
		E18EE5DA27A5006B00A0922F /* Assets.xcassets in Resources */ = {isa = PBXBuildFile; fileRef = E18EE5D927A5006B00A0922F /* Assets.xcassets */; };
		E18EE5DD27A5006B00A0922F /* LaunchScreen.storyboard in Resources */ = {isa = PBXBuildFile; fileRef = E18EE5DB27A5006B00A0922F /* LaunchScreen.storyboard */; };
		E18EE5E827A5006B00A0922F /* PreWorkTests.swift in Sources */ = {isa = PBXBuildFile; fileRef = E18EE5E727A5006B00A0922F /* PreWorkTests.swift */; };
		E18EE5F227A5006B00A0922F /* PreWorkUITests.swift in Sources */ = {isa = PBXBuildFile; fileRef = E18EE5F127A5006B00A0922F /* PreWorkUITests.swift */; };
		E18EE5F427A5006B00A0922F /* PreWorkUITestsLaunchTests.swift in Sources */ = {isa = PBXBuildFile; fileRef = E18EE5F327A5006B00A0922F /* PreWorkUITestsLaunchTests.swift */; };
/* End PBXBuildFile section */

/* Begin PBXContainerItemProxy section */
		E18EE5E427A5006B00A0922F /* PBXContainerItemProxy */ = {
			isa = PBXContainerItemProxy;
			containerPortal = E18EE5C527A5006A00A0922F /* Project object */;
			proxyType = 1;
			remoteGlobalIDString = E18EE5CC27A5006A00A0922F;
			remoteInfo = PreWork;
		};
		E18EE5EE27A5006B00A0922F /* PBXContainerItemProxy */ = {
			isa = PBXContainerItemProxy;
			containerPortal = E18EE5C527A5006A00A0922F /* Project object */;
			proxyType = 1;
			remoteGlobalIDString = E18EE5CC27A5006A00A0922F;
			remoteInfo = PreWork;
		};
/* End PBXContainerItemProxy section */

/* Begin PBXFileReference section */
		E18EE5CD27A5006A00A0922F /* PreWork.app */ = {isa = PBXFileReference; explicitFileType = wrapper.application; includeInIndex = 0; path = PreWork.app; sourceTree = BUILT_PRODUCTS_DIR; };
		E18EE5D027A5006A00A0922F /* AppDelegate.swift */ = {isa = PBXFileReference; lastKnownFileType = sourcecode.swift; path = AppDelegate.swift; sourceTree = "<group>"; };
		E18EE5D227A5006A00A0922F /* SceneDelegate.swift */ = {isa = PBXFileReference; lastKnownFileType = sourcecode.swift; path = SceneDelegate.swift; sourceTree = "<group>"; };
		E18EE5D427A5006A00A0922F /* ViewController.swift */ = {isa = PBXFileReference; lastKnownFileType = sourcecode.swift; path = ViewController.swift; sourceTree = "<group>"; };
		E18EE5D727A5006A00A0922F /* Base */ = {isa = PBXFileReference; lastKnownFileType = file.storyboard; name = Base; path = Base.lproj/Main.storyboard; sourceTree = "<group>"; };
		E18EE5D927A5006B00A0922F /* Assets.xcassets */ = {isa = PBXFileReference; lastKnownFileType = folder.assetcatalog; path = Assets.xcassets; sourceTree = "<group>"; };
		E18EE5DC27A5006B00A0922F /* Base */ = {isa = PBXFileReference; lastKnownFileType = file.storyboard; name = Base; path = Base.lproj/LaunchScreen.storyboard; sourceTree = "<group>"; };
		E18EE5DE27A5006B00A0922F /* Info.plist */ = {isa = PBXFileReference; lastKnownFileType = text.plist.xml; path = Info.plist; sourceTree = "<group>"; };
		E18EE5E327A5006B00A0922F /* PreWorkTests.xctest */ = {isa = PBXFileReference; explicitFileType = wrapper.cfbundle; includeInIndex = 0; path = PreWorkTests.xctest; sourceTree = BUILT_PRODUCTS_DIR; };
		E18EE5E727A5006B00A0922F /* PreWorkTests.swift */ = {isa = PBXFileReference; lastKnownFileType = sourcecode.swift; path = PreWorkTests.swift; sourceTree = "<group>"; };
		E18EE5ED27A5006B00A0922F /* PreWorkUITests.xctest */ = {isa = PBXFileReference; explicitFileType = wrapper.cfbundle; includeInIndex = 0; path = PreWorkUITests.xctest; sourceTree = BUILT_PRODUCTS_DIR; };
		E18EE5F127A5006B00A0922F /* PreWorkUITests.swift */ = {isa = PBXFileReference; lastKnownFileType = sourcecode.swift; path = PreWorkUITests.swift; sourceTree = "<group>"; };
		E18EE5F327A5006B00A0922F /* PreWorkUITestsLaunchTests.swift */ = {isa = PBXFileReference; lastKnownFileType = sourcecode.swift; path = PreWorkUITestsLaunchTests.swift; sourceTree = "<group>"; };
/* End PBXFileReference section */

/* Begin PBXFrameworksBuildPhase section */
		E18EE5CA27A5006A00A0922F /* Frameworks */ = {
			isa = PBXFrameworksBuildPhase;
			buildActionMask = 2147483647;
			files = (
			);
			runOnlyForDeploymentPostprocessing = 0;
		};
		E18EE5E027A5006B00A0922F /* Frameworks */ = {
			isa = PBXFrameworksBuildPhase;
			buildActionMask = 2147483647;
			files = (
			);
			runOnlyForDeploymentPostprocessing = 0;
		};
		E18EE5EA27A5006B00A0922F /* Frameworks */ = {
			isa = PBXFrameworksBuildPhase;
			buildActionMask = 2147483647;
			files = (
			);
			runOnlyForDeploymentPostprocessing = 0;
		};
/* End PBXFrameworksBuildPhase section */

/* Begin PBXGroup section */
		E18EE5C427A5006A00A0922F = {
			isa = PBXGroup;
			children = (
				E18EE5CF27A5006A00A0922F /* PreWork */,
				E18EE5E627A5006B00A0922F /* PreWorkTests */,
				E18EE5F027A5006B00A0922F /* PreWorkUITests */,
				E18EE5CE27A5006A00A0922F /* Products */,
			);
			sourceTree = "<group>";
		};
		E18EE5CE27A5006A00A0922F /* Products */ = {
			isa = PBXGroup;
			children = (
				E18EE5CD27A5006A00A0922F /* PreWork.app */,
				E18EE5E327A5006B00A0922F /* PreWorkTests.xctest */,
				E18EE5ED27A5006B00A0922F /* PreWorkUITests.xctest */,
			);
			name = Products;
			sourceTree = "<group>";
		};
		E18EE5CF27A5006A00A0922F /* PreWork */ = {
			isa = PBXGroup;
			children = (
				E18EE5D027A5006A00A0922F /* AppDelegate.swift */,
				E18EE5D227A5006A00A0922F /* SceneDelegate.swift */,
				E18EE5D427A5006A00A0922F /* ViewController.swift */,
				E18EE5D627A5006A00A0922F /* Main.storyboard */,
				E18EE5D927A5006B00A0922F /* Assets.xcassets */,
				E18EE5DB27A5006B00A0922F /* LaunchScreen.storyboard */,
				E18EE5DE27A5006B00A0922F /* Info.plist */,
			);
			path = PreWork;
			sourceTree = "<group>";
		};
		E18EE5E627A5006B00A0922F /* PreWorkTests */ = {
			isa = PBXGroup;
			children = (
				E18EE5E727A5006B00A0922F /* PreWorkTests.swift */,
			);
			path = PreWorkTests;
			sourceTree = "<group>";
		};
		E18EE5F027A5006B00A0922F /* PreWorkUITests */ = {
			isa = PBXGroup;
			children = (
				E18EE5F127A5006B00A0922F /* PreWorkUITests.swift */,
				E18EE5F327A5006B00A0922F /* PreWorkUITestsLaunchTests.swift */,
			);
			path = PreWorkUITests;
			sourceTree = "<group>";
		};
/* End PBXGroup section */

/* Begin PBXNativeTarget section */
		E18EE5CC27A5006A00A0922F /* PreWork */ = {
			isa = PBXNativeTarget;
			buildConfigurationList = E18EE5F727A5006B00A0922F /* Build configuration list for PBXNativeTarget "PreWork" */;
			buildPhases = (
				E18EE5C927A5006A00A0922F /* Sources */,
				E18EE5CA27A5006A00A0922F /* Frameworks */,
				E18EE5CB27A5006A00A0922F /* Resources */,
			);
			buildRules = (
			);
			dependencies = (
			);
			name = PreWork;
			productName = PreWork;
			productReference = E18EE5CD27A5006A00A0922F /* PreWork.app */;
			productType = "com.apple.product-type.application";
		};
		E18EE5E227A5006B00A0922F /* PreWorkTests */ = {
			isa = PBXNativeTarget;
			buildConfigurationList = E18EE5FA27A5006B00A0922F /* Build configuration list for PBXNativeTarget "PreWorkTests" */;
			buildPhases = (
				E18EE5DF27A5006B00A0922F /* Sources */,
				E18EE5E027A5006B00A0922F /* Frameworks */,
				E18EE5E127A5006B00A0922F /* Resources */,
			);
			buildRules = (
			);
			dependencies = (
				E18EE5E527A5006B00A0922F /* PBXTargetDependency */,
			);
			name = PreWorkTests;
			productName = PreWorkTests;
			productReference = E18EE5E327A5006B00A0922F /* PreWorkTests.xctest */;
			productType = "com.apple.product-type.bundle.unit-test";
		};
		E18EE5EC27A5006B00A0922F /* PreWorkUITests */ = {
			isa = PBXNativeTarget;
			buildConfigurationList = E18EE5FD27A5006B00A0922F /* Build configuration list for PBXNativeTarget "PreWorkUITests" */;
			buildPhases = (
				E18EE5E927A5006B00A0922F /* Sources */,
				E18EE5EA27A5006B00A0922F /* Frameworks */,
				E18EE5EB27A5006B00A0922F /* Resources */,
			);
			buildRules = (
			);
			dependencies = (
				E18EE5EF27A5006B00A0922F /* PBXTargetDependency */,
			);
			name = PreWorkUITests;
			productName = PreWorkUITests;
			productReference = E18EE5ED27A5006B00A0922F /* PreWorkUITests.xctest */;
			productType = "com.apple.product-type.bundle.ui-testing";
		};
/* End PBXNativeTarget section */

/* Begin PBXProject section */
		E18EE5C527A5006A00A0922F /* Project object */ = {
			isa = PBXProject;
			attributes = {
				BuildIndependentTargetsInParallel = 1;
				LastSwiftUpdateCheck = 1320;
				LastUpgradeCheck = 1320;
				TargetAttributes = {
					E18EE5CC27A5006A00A0922F = {
						CreatedOnToolsVersion = 13.2.1;
					};
					E18EE5E227A5006B00A0922F = {
						CreatedOnToolsVersion = 13.2.1;
						TestTargetID = E18EE5CC27A5006A00A0922F;
					};
					E18EE5EC27A5006B00A0922F = {
						CreatedOnToolsVersion = 13.2.1;
						TestTargetID = E18EE5CC27A5006A00A0922F;
					};
				};
			};
			buildConfigurationList = E18EE5C827A5006A00A0922F /* Build configuration list for PBXProject "PreWork" */;
			compatibilityVersion = "Xcode 13.0";
			developmentRegion = en;
			hasScannedForEncodings = 0;
			knownRegions = (
				en,
				Base,
			);
			mainGroup = E18EE5C427A5006A00A0922F;
			productRefGroup = E18EE5CE27A5006A00A0922F /* Products */;
			projectDirPath = "";
			projectRoot = "";
			targets = (
				E18EE5CC27A5006A00A0922F /* PreWork */,
				E18EE5E227A5006B00A0922F /* PreWorkTests */,
				E18EE5EC27A5006B00A0922F /* PreWorkUITests */,
			);
		};
/* End PBXProject section */

/* Begin PBXResourcesBuildPhase section */
		E18EE5CB27A5006A00A0922F /* Resources */ = {
			isa = PBXResourcesBuildPhase;
			buildActionMask = 2147483647;
			files = (
				E18EE5DD27A5006B00A0922F /* LaunchScreen.storyboard in Resources */,
				E18EE5DA27A5006B00A0922F /* Assets.xcassets in Resources */,
				E18EE5D827A5006A00A0922F /* Main.storyboard in Resources */,
			);
			runOnlyForDeploymentPostprocessing = 0;
		};
		E18EE5E127A5006B00A0922F /* Resources */ = {
			isa = PBXResourcesBuildPhase;
			buildActionMask = 2147483647;
			files = (
			);
			runOnlyForDeploymentPostprocessing = 0;
		};
		E18EE5EB27A5006B00A0922F /* Resources */ = {
			isa = PBXResourcesBuildPhase;
			buildActionMask = 2147483647;
			files = (
			);
			runOnlyForDeploymentPostprocessing = 0;
		};
/* End PBXResourcesBuildPhase section */

/* Begin PBXSourcesBuildPhase section */
		E18EE5C927A5006A00A0922F /* Sources */ = {
			isa = PBXSourcesBuildPhase;
			buildActionMask = 2147483647;
			files = (
				E18EE5D527A5006A00A0922F /* ViewController.swift in Sources */,
				E18EE5D127A5006A00A0922F /* AppDelegate.swift in Sources */,
				E18EE5D327A5006A00A0922F /* SceneDelegate.swift in Sources */,
			);
			runOnlyForDeploymentPostprocessing = 0;
		};
		E18EE5DF27A5006B00A0922F /* Sources */ = {
			isa = PBXSourcesBuildPhase;
			buildActionMask = 2147483647;
			files = (
				E18EE5E827A5006B00A0922F /* PreWorkTests.swift in Sources */,
			);
			runOnlyForDeploymentPostprocessing = 0;
		};
		E18EE5E927A5006B00A0922F /* Sources */ = {
			isa = PBXSourcesBuildPhase;
			buildActionMask = 2147483647;
			files = (
				E18EE5F227A5006B00A0922F /* PreWorkUITests.swift in Sources */,
				E18EE5F427A5006B00A0922F /* PreWorkUITestsLaunchTests.swift in Sources */,
			);
			runOnlyForDeploymentPostprocessing = 0;
		};
/* End PBXSourcesBuildPhase section */

/* Begin PBXTargetDependency section */
		E18EE5E527A5006B00A0922F /* PBXTargetDependency */ = {
			isa = PBXTargetDependency;
			target = E18EE5CC27A5006A00A0922F /* PreWork */;
			targetProxy = E18EE5E427A5006B00A0922F /* PBXContainerItemProxy */;
		};
		E18EE5EF27A5006B00A0922F /* PBXTargetDependency */ = {
			isa = PBXTargetDependency;
			target = E18EE5CC27A5006A00A0922F /* PreWork */;
			targetProxy = E18EE5EE27A5006B00A0922F /* PBXContainerItemProxy */;
		};
/* End PBXTargetDependency section */

/* Begin PBXVariantGroup section */
		E18EE5D627A5006A00A0922F /* Main.storyboard */ = {
			isa = PBXVariantGroup;
			children = (
				E18EE5D727A5006A00A0922F /* Base */,
			);
			name = Main.storyboard;
			sourceTree = "<group>";
		};
		E18EE5DB27A5006B00A0922F /* LaunchScreen.storyboard */ = {
			isa = PBXVariantGroup;
			children = (
				E18EE5DC27A5006B00A0922F /* Base */,
			);
			name = LaunchScreen.storyboard;
			sourceTree = "<group>";
		};
/* End PBXVariantGroup section */

/* Begin XCBuildConfiguration section */
		E18EE5F527A5006B00A0922F /* Debug */ = {
			isa = XCBuildConfiguration;
			buildSettings = {
				ALWAYS_SEARCH_USER_PATHS = NO;
				CLANG_ANALYZER_NONNULL = YES;
				CLANG_ANALYZER_NUMBER_OBJECT_CONVERSION = YES_AGGRESSIVE;
				CLANG_CXX_LANGUAGE_STANDARD = "gnu++17";
				CLANG_CXX_LIBRARY = "libc++";
				CLANG_ENABLE_MODULES = YES;
				CLANG_ENABLE_OBJC_ARC = YES;
				CLANG_ENABLE_OBJC_WEAK = YES;
				CLANG_WARN_BLOCK_CAPTURE_AUTORELEASING = YES;
				CLANG_WARN_BOOL_CONVERSION = YES;
				CLANG_WARN_COMMA = YES;
				CLANG_WARN_CONSTANT_CONVERSION = YES;
				CLANG_WARN_DEPRECATED_OBJC_IMPLEMENTATIONS = YES;
				CLANG_WARN_DIRECT_OBJC_ISA_USAGE = YES_ERROR;
				CLANG_WARN_DOCUMENTATION_COMMENTS = YES;
				CLANG_WARN_EMPTY_BODY = YES;
				CLANG_WARN_ENUM_CONVERSION = YES;
				CLANG_WARN_INFINITE_RECURSION = YES;
				CLANG_WARN_INT_CONVERSION = YES;
				CLANG_WARN_NON_LITERAL_NULL_CONVERSION = YES;
				CLANG_WARN_OBJC_IMPLICIT_RETAIN_SELF = YES;
				CLANG_WARN_OBJC_LITERAL_CONVERSION = YES;
				CLANG_WARN_OBJC_ROOT_CLASS = YES_ERROR;
				CLANG_WARN_QUOTED_INCLUDE_IN_FRAMEWORK_HEADER = YES;
				CLANG_WARN_RANGE_LOOP_ANALYSIS = YES;
				CLANG_WARN_STRICT_PROTOTYPES = YES;
				CLANG_WARN_SUSPICIOUS_MOVE = YES;
				CLANG_WARN_UNGUARDED_AVAILABILITY = YES_AGGRESSIVE;
				CLANG_WARN_UNREACHABLE_CODE = YES;
				CLANG_WARN__DUPLICATE_METHOD_MATCH = YES;
				COPY_PHASE_STRIP = NO;
				DEBUG_INFORMATION_FORMAT = dwarf;
				ENABLE_STRICT_OBJC_MSGSEND = YES;
				ENABLE_TESTABILITY = YES;
				GCC_C_LANGUAGE_STANDARD = gnu11;
				GCC_DYNAMIC_NO_PIC = NO;
				GCC_NO_COMMON_BLOCKS = YES;
				GCC_OPTIMIZATION_LEVEL = 0;
				GCC_PREPROCESSOR_DEFINITIONS = (
					"DEBUG=1",
					"$(inherited)",
				);
				GCC_WARN_64_TO_32_BIT_CONVERSION = YES;
				GCC_WARN_ABOUT_RETURN_TYPE = YES_ERROR;
				GCC_WARN_UNDECLARED_SELECTOR = YES;
				GCC_WARN_UNINITIALIZED_AUTOS = YES_AGGRESSIVE;
				GCC_WARN_UNUSED_FUNCTION = YES;
				GCC_WARN_UNUSED_VARIABLE = YES;
				IPHONEOS_DEPLOYMENT_TARGET = 15.2;
				MTL_ENABLE_DEBUG_INFO = INCLUDE_SOURCE;
				MTL_FAST_MATH = YES;
				ONLY_ACTIVE_ARCH = YES;
				SDKROOT = iphoneos;
				SWIFT_ACTIVE_COMPILATION_CONDITIONS = DEBUG;
				SWIFT_OPTIMIZATION_LEVEL = "-Onone";
			};
			name = Debug;
		};
		E18EE5F627A5006B00A0922F /* Release */ = {
			isa = XCBuildConfiguration;
			buildSettings = {
				ALWAYS_SEARCH_USER_PATHS = NO;
				CLANG_ANALYZER_NONNULL = YES;
				CLANG_ANALYZER_NUMBER_OBJECT_CONVERSION = YES_AGGRESSIVE;
				CLANG_CXX_LANGUAGE_STANDARD = "gnu++17";
				CLANG_CXX_LIBRARY = "libc++";
				CLANG_ENABLE_MODULES = YES;
				CLANG_ENABLE_OBJC_ARC = YES;
				CLANG_ENABLE_OBJC_WEAK = YES;
				CLANG_WARN_BLOCK_CAPTURE_AUTORELEASING = YES;
				CLANG_WARN_BOOL_CONVERSION = YES;
				CLANG_WARN_COMMA = YES;
				CLANG_WARN_CONSTANT_CONVERSION = YES;
				CLANG_WARN_DEPRECATED_OBJC_IMPLEMENTATIONS = YES;
				CLANG_WARN_DIRECT_OBJC_ISA_USAGE = YES_ERROR;
				CLANG_WARN_DOCUMENTATION_COMMENTS = YES;
				CLANG_WARN_EMPTY_BODY = YES;
				CLANG_WARN_ENUM_CONVERSION = YES;
				CLANG_WARN_INFINITE_RECURSION = YES;
				CLANG_WARN_INT_CONVERSION = YES;
				CLANG_WARN_NON_LITERAL_NULL_CONVERSION = YES;
				CLANG_WARN_OBJC_IMPLICIT_RETAIN_SELF = YES;
				CLANG_WARN_OBJC_LITERAL_CONVERSION = YES;
				CLANG_WARN_OBJC_ROOT_CLASS = YES_ERROR;
				CLANG_WARN_QUOTED_INCLUDE_IN_FRAMEWORK_HEADER = YES;
				CLANG_WARN_RANGE_LOOP_ANALYSIS = YES;
				CLANG_WARN_STRICT_PROTOTYPES = YES;
				CLANG_WARN_SUSPICIOUS_MOVE = YES;
				CLANG_WARN_UNGUARDED_AVAILABILITY = YES_AGGRESSIVE;
				CLANG_WARN_UNREACHABLE_CODE = YES;
				CLANG_WARN__DUPLICATE_METHOD_MATCH = YES;
				COPY_PHASE_STRIP = NO;
				DEBUG_INFORMATION_FORMAT = "dwarf-with-dsym";
				ENABLE_NS_ASSERTIONS = NO;
				ENABLE_STRICT_OBJC_MSGSEND = YES;
				GCC_C_LANGUAGE_STANDARD = gnu11;
				GCC_NO_COMMON_BLOCKS = YES;
				GCC_WARN_64_TO_32_BIT_CONVERSION = YES;
				GCC_WARN_ABOUT_RETURN_TYPE = YES_ERROR;
				GCC_WARN_UNDECLARED_SELECTOR = YES;
				GCC_WARN_UNINITIALIZED_AUTOS = YES_AGGRESSIVE;
				GCC_WARN_UNUSED_FUNCTION = YES;
				GCC_WARN_UNUSED_VARIABLE = YES;
				IPHONEOS_DEPLOYMENT_TARGET = 15.2;
				MTL_ENABLE_DEBUG_INFO = NO;
				MTL_FAST_MATH = YES;
				SDKROOT = iphoneos;
				SWIFT_COMPILATION_MODE = wholemodule;
				SWIFT_OPTIMIZATION_LEVEL = "-O";
				VALIDATE_PRODUCT = YES;
			};
			name = Release;
		};
		E18EE5F827A5006B00A0922F /* Debug */ = {
			isa = XCBuildConfiguration;
			buildSettings = {
				ASSETCATALOG_COMPILER_APPICON_NAME = AppIcon;
				ASSETCATALOG_COMPILER_GLOBAL_ACCENT_COLOR_NAME = AccentColor;
				CODE_SIGN_STYLE = Automatic;
				CURRENT_PROJECT_VERSION = 1;
				GENERATE_INFOPLIST_FILE = YES;
				INFOPLIST_FILE = PreWork/Info.plist;
				INFOPLIST_KEY_UIApplicationSupportsIndirectInputEvents = YES;
				INFOPLIST_KEY_UILaunchStoryboardName = LaunchScreen;
				INFOPLIST_KEY_UIMainStoryboardFile = Main;
				INFOPLIST_KEY_UISupportedInterfaceOrientations_iPad = "UIInterfaceOrientationPortrait UIInterfaceOrientationPortraitUpsideDown UIInterfaceOrientationLandscapeLeft UIInterfaceOrientationLandscapeRight";
				INFOPLIST_KEY_UISupportedInterfaceOrientations_iPhone = "UIInterfaceOrientationPortrait UIInterfaceOrientationLandscapeLeft UIInterfaceOrientationLandscapeRight";
				IPHONEOS_DEPLOYMENT_TARGET = 15.2;
				LD_RUNPATH_SEARCH_PATHS = (
					"$(inherited)",
					"@executable_path/Frameworks",
				);
				MARKETING_VERSION = 1.0;
				PRODUCT_BUNDLE_IDENTIFIER = memo.com.PreWork;
				PRODUCT_NAME = "$(TARGET_NAME)";
				SWIFT_EMIT_LOC_STRINGS = YES;
				SWIFT_VERSION = 5.0;
				TARGETED_DEVICE_FAMILY = "1,2";
			};
			name = Debug;
		};
		E18EE5F927A5006B00A0922F /* Release */ = {
			isa = XCBuildConfiguration;
			buildSettings = {
				ASSETCATALOG_COMPILER_APPICON_NAME = AppIcon;
				ASSETCATALOG_COMPILER_GLOBAL_ACCENT_COLOR_NAME = AccentColor;
				CODE_SIGN_STYLE = Automatic;
				CURRENT_PROJECT_VERSION = 1;
				GENERATE_INFOPLIST_FILE = YES;
				INFOPLIST_FILE = PreWork/Info.plist;
				INFOPLIST_KEY_UIApplicationSupportsIndirectInputEvents = YES;
				INFOPLIST_KEY_UILaunchStoryboardName = LaunchScreen;
				INFOPLIST_KEY_UIMainStoryboardFile = Main;
				INFOPLIST_KEY_UISupportedInterfaceOrientations_iPad = "UIInterfaceOrientationPortrait UIInterfaceOrientationPortraitUpsideDown UIInterfaceOrientationLandscapeLeft UIInterfaceOrientationLandscapeRight";
				INFOPLIST_KEY_UISupportedInterfaceOrientations_iPhone = "UIInterfaceOrientationPortrait UIInterfaceOrientationLandscapeLeft UIInterfaceOrientationLandscapeRight";
				IPHONEOS_DEPLOYMENT_TARGET = 15.2;
				LD_RUNPATH_SEARCH_PATHS = (
					"$(inherited)",
					"@executable_path/Frameworks",
				);
				MARKETING_VERSION = 1.0;
				PRODUCT_BUNDLE_IDENTIFIER = memo.com.PreWork;
				PRODUCT_NAME = "$(TARGET_NAME)";
				SWIFT_EMIT_LOC_STRINGS = YES;
				SWIFT_VERSION = 5.0;
				TARGETED_DEVICE_FAMILY = "1,2";
			};
			name = Release;
		};
		E18EE5FB27A5006B00A0922F /* Debug */ = {
			isa = XCBuildConfiguration;
			buildSettings = {
				ALWAYS_EMBED_SWIFT_STANDARD_LIBRARIES = YES;
				BUNDLE_LOADER = "$(TEST_HOST)";
				CODE_SIGN_STYLE = Automatic;
				CURRENT_PROJECT_VERSION = 1;
				GENERATE_INFOPLIST_FILE = YES;
				IPHONEOS_DEPLOYMENT_TARGET = 15.2;
				MARKETING_VERSION = 1.0;
				PRODUCT_BUNDLE_IDENTIFIER = memo.com.PreWorkTests;
				PRODUCT_NAME = "$(TARGET_NAME)";
				SWIFT_EMIT_LOC_STRINGS = NO;
				SWIFT_VERSION = 5.0;
				TARGETED_DEVICE_FAMILY = "1,2";
				TEST_HOST = "$(BUILT_PRODUCTS_DIR)/PreWork.app/PreWork";
			};
			name = Debug;
		};
		E18EE5FC27A5006B00A0922F /* Release */ = {
			isa = XCBuildConfiguration;
			buildSettings = {
				ALWAYS_EMBED_SWIFT_STANDARD_LIBRARIES = YES;
				BUNDLE_LOADER = "$(TEST_HOST)";
				CODE_SIGN_STYLE = Automatic;
				CURRENT_PROJECT_VERSION = 1;
				GENERATE_INFOPLIST_FILE = YES;
				IPHONEOS_DEPLOYMENT_TARGET = 15.2;
				MARKETING_VERSION = 1.0;
				PRODUCT_BUNDLE_IDENTIFIER = memo.com.PreWorkTests;
				PRODUCT_NAME = "$(TARGET_NAME)";
				SWIFT_EMIT_LOC_STRINGS = NO;
				SWIFT_VERSION = 5.0;
				TARGETED_DEVICE_FAMILY = "1,2";
				TEST_HOST = "$(BUILT_PRODUCTS_DIR)/PreWork.app/PreWork";
			};
			name = Release;
		};
		E18EE5FE27A5006B00A0922F /* Debug */ = {
			isa = XCBuildConfiguration;
			buildSettings = {
				ALWAYS_EMBED_SWIFT_STANDARD_LIBRARIES = YES;
				CODE_SIGN_STYLE = Automatic;
				CURRENT_PROJECT_VERSION = 1;
				GENERATE_INFOPLIST_FILE = YES;
				MARKETING_VERSION = 1.0;
				PRODUCT_BUNDLE_IDENTIFIER = memo.com.PreWorkUITests;
				PRODUCT_NAME = "$(TARGET_NAME)";
				SWIFT_EMIT_LOC_STRINGS = NO;
				SWIFT_VERSION = 5.0;
				TARGETED_DEVICE_FAMILY = "1,2";
				TEST_TARGET_NAME = PreWork;
			};
			name = Debug;
		};
		E18EE5FF27A5006B00A0922F /* Release */ = {
			isa = XCBuildConfiguration;
			buildSettings = {
				ALWAYS_EMBED_SWIFT_STANDARD_LIBRARIES = YES;
				CODE_SIGN_STYLE = Automatic;
				CURRENT_PROJECT_VERSION = 1;
				GENERATE_INFOPLIST_FILE = YES;
				MARKETING_VERSION = 1.0;
				PRODUCT_BUNDLE_IDENTIFIER = memo.com.PreWorkUITests;
				PRODUCT_NAME = "$(TARGET_NAME)";
				SWIFT_EMIT_LOC_STRINGS = NO;
				SWIFT_VERSION = 5.0;
				TARGETED_DEVICE_FAMILY = "1,2";
				TEST_TARGET_NAME = PreWork;
			};
			name = Release;
		};
/* End XCBuildConfiguration section */

/* Begin XCConfigurationList section */
		E18EE5C827A5006A00A0922F /* Build configuration list for PBXProject "PreWork" */ = {
			isa = XCConfigurationList;
			buildConfigurations = (
				E18EE5F527A5006B00A0922F /* Debug */,
				E18EE5F627A5006B00A0922F /* Release */,
			);
			defaultConfigurationIsVisible = 0;
			defaultConfigurationName = Release;
		};
		E18EE5F727A5006B00A0922F /* Build configuration list for PBXNativeTarget "PreWork" */ = {
			isa = XCConfigurationList;
			buildConfigurations = (
				E18EE5F827A5006B00A0922F /* Debug */,
				E18EE5F927A5006B00A0922F /* Release */,
			);
			defaultConfigurationIsVisible = 0;
			defaultConfigurationName = Release;
		};
		E18EE5FA27A5006B00A0922F /* Build configuration list for PBXNativeTarget "PreWorkTests" */ = {
			isa = XCConfigurationList;
			buildConfigurations = (
				E18EE5FB27A5006B00A0922F /* Debug */,
				E18EE5FC27A5006B00A0922F /* Release */,
			);
			defaultConfigurationIsVisible = 0;
			defaultConfigurationName = Release;
		};
		E18EE5FD27A5006B00A0922F /* Build configuration list for PBXNativeTarget "PreWorkUITests" */ = {
			isa = XCConfigurationList;
			buildConfigurations = (
				E18EE5FE27A5006B00A0922F /* Debug */,
				E18EE5FF27A5006B00A0922F /* Release */,
			);
			defaultConfigurationIsVisible = 0;
			defaultConfigurationName = Release;
		};
/* End XCConfigurationList section */
	};
	rootObject = E18EE5C527A5006A00A0922F /* Project object */;
}
